
Microsoft Visual Studio Solution File, Format Version 12.00
# Visual Studio Version 17
VisualStudioVersion = 17.5.33516.290
MinimumVisualStudioVersion = 10.0.40219.1
Project("{FAE04EC0-301F-11D3-BF4B-00C04F79EFBC}") = "TradeApp", "TradeApp\TradeApp.csproj", "{07EB0D4E-9E43-47F4-BD2F-61C3B1C5E653}"
EndProject
Global
	GlobalSection(SolutionConfigurationPlatforms) = preSolution
		Debug|Any CPU = Debug|Any CPU
		Release|Any CPU = Release|Any CPU
	EndGlobalSection
	GlobalSection(ProjectConfigurationPlatforms) = postSolution
		{07EB0D4E-9E43-47F4-BD2F-61C3B1C5E653}.Debug|Any CPU.ActiveCfg = Debug|Any CPU
		{07EB0D4E-9E43-47F4-BD2F-61C3B1C5E653}.Debug|Any CPU.Build.0 = Debug|Any CPU
		{07EB0D4E-9E43-47F4-BD2F-61C3B1C5E653}.Release|Any CPU.ActiveCfg = Release|Any CPU
		{07EB0D4E-9E43-47F4-BD2F-61C3B1C5E653}.Release|Any CPU.Build.0 = Release|Any CPU
	EndGlobalSection
	GlobalSection(SolutionProperties) = preSolution
		HideSolutionNode = FALSE
	EndGlobalSection
	GlobalSection(ExtensibilityGlobals) = postSolution
		SolutionGuid = {6A710713-BA70-4563-9084-7468B452B3F5}
	EndGlobalSection
EndGlobal
